
Microsoft Visual Studio Solution File, Format Version 12.00
# Visual Studio Version 17
VisualStudioVersion = 17.5.33414.496
MinimumVisualStudioVersion = 10.0.40219.1
Project("{8BC9CEB8-8B4A-11D0-8D11-00A0C91BC942}") = "1292 元素和小于等于阈值的正方形的最大边长", "1292 元素和小于等于阈值的正方形的最大边长.vcxproj", "{0EC794B7-4E20-4650-8435-71F8F84D2C38}"
EndProject
Global
	GlobalSection(SolutionConfigurationPlatforms) = preSolution
		Debug|x64 = Debug|x64
		Debug|x86 = Debug|x86
		Release|x64 = Release|x64
		Release|x86 = Release|x86
	EndGlobalSection
	GlobalSection(ProjectConfigurationPlatforms) = postSolution
		{0EC794B7-4E20-4650-8435-71F8F84D2C38}.Debug|x64.ActiveCfg = Debug|x64
		{0EC794B7-4E20-4650-8435-71F8F84D2C38}.Debug|x64.Build.0 = Debug|x64
		{0EC794B7-4E20-4650-8435-71F8F84D2C38}.Debug|x86.ActiveCfg = Debug|Win32
		{0EC794B7-4E20-4650-8435-71F8F84D2C38}.Debug|x86.Build.0 = Debug|Win32
		{0EC794B7-4E20-4650-8435-71F8F84D2C38}.Release|x64.ActiveCfg = Release|x64
		{0EC794B7-4E20-4650-8435-71F8F84D2C38}.Release|x64.Build.0 = Release|x64
		{0EC794B7-4E20-4650-8435-71F8F84D2C38}.Release|x86.ActiveCfg = Release|Win32
		{0EC794B7-4E20-4650-8435-71F8F84D2C38}.Release|x86.Build.0 = Release|Win32
	EndGlobalSection
	GlobalSection(SolutionProperties) = preSolution
		HideSolutionNode = FALSE
	EndGlobalSection
	GlobalSection(ExtensibilityGlobals) = postSolution
		SolutionGuid = {854BD186-6B0A-4889-B339-A5FF01FA890D}
	EndGlobalSection
EndGlobal
