
Microsoft Visual Studio Solution File, Format Version 12.00
# Visual Studio Version 17
VisualStudioVersion = 17.5.33414.496
MinimumVisualStudioVersion = 10.0.40219.1
Project("{8BC9CEB8-8B4A-11D0-8D11-00A0C91BC942}") = "3314 构造最小位运算数组 I", "3314 构造最小位运算数组 I.vcxproj", "{FFC1C361-56A7-41DA-B412-C8EF718D8C9B}"
EndProject
Global
	GlobalSection(SolutionConfigurationPlatforms) = preSolution
		Debug|x64 = Debug|x64
		Debug|x86 = Debug|x86
		Release|x64 = Release|x64
		Release|x86 = Release|x86
	EndGlobalSection
	GlobalSection(ProjectConfigurationPlatforms) = postSolution
		{FFC1C361-56A7-41DA-B412-C8EF718D8C9B}.Debug|x64.ActiveCfg = Debug|x64
		{FFC1C361-56A7-41DA-B412-C8EF718D8C9B}.Debug|x64.Build.0 = Debug|x64
		{FFC1C361-56A7-41DA-B412-C8EF718D8C9B}.Debug|x86.ActiveCfg = Debug|Win32
		{FFC1C361-56A7-41DA-B412-C8EF718D8C9B}.Debug|x86.Build.0 = Debug|Win32
		{FFC1C361-56A7-41DA-B412-C8EF718D8C9B}.Release|x64.ActiveCfg = Release|x64
		{FFC1C361-56A7-41DA-B412-C8EF718D8C9B}.Release|x64.Build.0 = Release|x64
		{FFC1C361-56A7-41DA-B412-C8EF718D8C9B}.Release|x86.ActiveCfg = Release|Win32
		{FFC1C361-56A7-41DA-B412-C8EF718D8C9B}.Release|x86.Build.0 = Release|Win32
	EndGlobalSection
	GlobalSection(SolutionProperties) = preSolution
		HideSolutionNode = FALSE
	EndGlobalSection
	GlobalSection(ExtensibilityGlobals) = postSolution
		SolutionGuid = {4F41904F-2277-400A-B00C-2C44CF307313}
	EndGlobalSection
EndGlobal
