
Microsoft Visual Studio Solution File, Format Version 12.00
# Visual Studio Version 17
VisualStudioVersion = 17.5.33414.496
MinimumVisualStudioVersion = 10.0.40219.1
Project("{8BC9CEB8-8B4A-11D0-8D11-00A0C91BC942}") = "1749 任意子数组和的绝对值的最大值", "1749 任意子数组和的绝对值的最大值.vcxproj", "{BD876B46-2C42-489D-9F5F-2BE95491D736}"
EndProject
Global
	GlobalSection(SolutionConfigurationPlatforms) = preSolution
		Debug|x64 = Debug|x64
		Debug|x86 = Debug|x86
		Release|x64 = Release|x64
		Release|x86 = Release|x86
	EndGlobalSection
	GlobalSection(ProjectConfigurationPlatforms) = postSolution
		{BD876B46-2C42-489D-9F5F-2BE95491D736}.Debug|x64.ActiveCfg = Debug|x64
		{BD876B46-2C42-489D-9F5F-2BE95491D736}.Debug|x64.Build.0 = Debug|x64
		{BD876B46-2C42-489D-9F5F-2BE95491D736}.Debug|x86.ActiveCfg = Debug|Win32
		{BD876B46-2C42-489D-9F5F-2BE95491D736}.Debug|x86.Build.0 = Debug|Win32
		{BD876B46-2C42-489D-9F5F-2BE95491D736}.Release|x64.ActiveCfg = Release|x64
		{BD876B46-2C42-489D-9F5F-2BE95491D736}.Release|x64.Build.0 = Release|x64
		{BD876B46-2C42-489D-9F5F-2BE95491D736}.Release|x86.ActiveCfg = Release|Win32
		{BD876B46-2C42-489D-9F5F-2BE95491D736}.Release|x86.Build.0 = Release|Win32
	EndGlobalSection
	GlobalSection(SolutionProperties) = preSolution
		HideSolutionNode = FALSE
	EndGlobalSection
	GlobalSection(ExtensibilityGlobals) = postSolution
		SolutionGuid = {F53F4BEC-4C4A-46E1-BF43-08C71A423A37}
	EndGlobalSection
EndGlobal
