
Microsoft Visual Studio Solution File, Format Version 12.00
# Visual Studio Version 17
VisualStudioVersion = 17.5.33414.496
MinimumVisualStudioVersion = 10.0.40219.1
Project("{8BC9CEB8-8B4A-11D0-8D11-00A0C91BC942}") = "3128 直角三角形", "3128 直角三角形.vcxproj", "{FAD3890B-3580-4B0E-AFCB-5A768B8B518E}"
EndProject
Global
	GlobalSection(SolutionConfigurationPlatforms) = preSolution
		Debug|x64 = Debug|x64
		Debug|x86 = Debug|x86
		Release|x64 = Release|x64
		Release|x86 = Release|x86
	EndGlobalSection
	GlobalSection(ProjectConfigurationPlatforms) = postSolution
		{FAD3890B-3580-4B0E-AFCB-5A768B8B518E}.Debug|x64.ActiveCfg = Debug|x64
		{FAD3890B-3580-4B0E-AFCB-5A768B8B518E}.Debug|x64.Build.0 = Debug|x64
		{FAD3890B-3580-4B0E-AFCB-5A768B8B518E}.Debug|x86.ActiveCfg = Debug|Win32
		{FAD3890B-3580-4B0E-AFCB-5A768B8B518E}.Debug|x86.Build.0 = Debug|Win32
		{FAD3890B-3580-4B0E-AFCB-5A768B8B518E}.Release|x64.ActiveCfg = Release|x64
		{FAD3890B-3580-4B0E-AFCB-5A768B8B518E}.Release|x64.Build.0 = Release|x64
		{FAD3890B-3580-4B0E-AFCB-5A768B8B518E}.Release|x86.ActiveCfg = Release|Win32
		{FAD3890B-3580-4B0E-AFCB-5A768B8B518E}.Release|x86.Build.0 = Release|Win32
	EndGlobalSection
	GlobalSection(SolutionProperties) = preSolution
		HideSolutionNode = FALSE
	EndGlobalSection
	GlobalSection(ExtensibilityGlobals) = postSolution
		SolutionGuid = {8D6541A8-F881-4604-913B-BEF24F03A37E}
	EndGlobalSection
EndGlobal
