
Microsoft Visual Studio Solution File, Format Version 12.00
# Visual Studio Version 17
VisualStudioVersion = 17.5.33414.496
MinimumVisualStudioVersion = 10.0.40219.1
Project("{8BC9CEB8-8B4A-11D0-8D11-00A0C91BC942}") = "844 比较含退格的字符串", "844 比较含退格的字符串.vcxproj", "{DA473F4E-510B-479B-8079-B25F89AD9208}"
EndProject
Global
	GlobalSection(SolutionConfigurationPlatforms) = preSolution
		Debug|x64 = Debug|x64
		Debug|x86 = Debug|x86
		Release|x64 = Release|x64
		Release|x86 = Release|x86
	EndGlobalSection
	GlobalSection(ProjectConfigurationPlatforms) = postSolution
		{DA473F4E-510B-479B-8079-B25F89AD9208}.Debug|x64.ActiveCfg = Debug|x64
		{DA473F4E-510B-479B-8079-B25F89AD9208}.Debug|x64.Build.0 = Debug|x64
		{DA473F4E-510B-479B-8079-B25F89AD9208}.Debug|x86.ActiveCfg = Debug|Win32
		{DA473F4E-510B-479B-8079-B25F89AD9208}.Debug|x86.Build.0 = Debug|Win32
		{DA473F4E-510B-479B-8079-B25F89AD9208}.Release|x64.ActiveCfg = Release|x64
		{DA473F4E-510B-479B-8079-B25F89AD9208}.Release|x64.Build.0 = Release|x64
		{DA473F4E-510B-479B-8079-B25F89AD9208}.Release|x86.ActiveCfg = Release|Win32
		{DA473F4E-510B-479B-8079-B25F89AD9208}.Release|x86.Build.0 = Release|Win32
	EndGlobalSection
	GlobalSection(SolutionProperties) = preSolution
		HideSolutionNode = FALSE
	EndGlobalSection
	GlobalSection(ExtensibilityGlobals) = postSolution
		SolutionGuid = {FA904FB5-6023-44B3-9840-EB3EB44EAF32}
	EndGlobalSection
EndGlobal
