
Microsoft Visual Studio Solution File, Format Version 12.00
# Visual Studio Version 17
VisualStudioVersion = 17.5.33414.496
MinimumVisualStudioVersion = 10.0.40219.1
Project("{8BC9CEB8-8B4A-11D0-8D11-00A0C91BC942}") = "CodeForces - 1373A", "CodeForces - 1373A.vcxproj", "{FD666AD1-F6A8-4328-A54C-5EBC129F5013}"
EndProject
Global
	GlobalSection(SolutionConfigurationPlatforms) = preSolution
		Debug|x64 = Debug|x64
		Debug|x86 = Debug|x86
		Release|x64 = Release|x64
		Release|x86 = Release|x86
	EndGlobalSection
	GlobalSection(ProjectConfigurationPlatforms) = postSolution
		{FD666AD1-F6A8-4328-A54C-5EBC129F5013}.Debug|x64.ActiveCfg = Debug|x64
		{FD666AD1-F6A8-4328-A54C-5EBC129F5013}.Debug|x64.Build.0 = Debug|x64
		{FD666AD1-F6A8-4328-A54C-5EBC129F5013}.Debug|x86.ActiveCfg = Debug|Win32
		{FD666AD1-F6A8-4328-A54C-5EBC129F5013}.Debug|x86.Build.0 = Debug|Win32
		{FD666AD1-F6A8-4328-A54C-5EBC129F5013}.Release|x64.ActiveCfg = Release|x64
		{FD666AD1-F6A8-4328-A54C-5EBC129F5013}.Release|x64.Build.0 = Release|x64
		{FD666AD1-F6A8-4328-A54C-5EBC129F5013}.Release|x86.ActiveCfg = Release|Win32
		{FD666AD1-F6A8-4328-A54C-5EBC129F5013}.Release|x86.Build.0 = Release|Win32
	EndGlobalSection
	GlobalSection(SolutionProperties) = preSolution
		HideSolutionNode = FALSE
	EndGlobalSection
	GlobalSection(ExtensibilityGlobals) = postSolution
		SolutionGuid = {B049A0EF-C2D9-461B-A3F2-E79F505D7112}
	EndGlobalSection
EndGlobal
