
Microsoft Visual Studio Solution File, Format Version 12.00
# Visual Studio Version 17
VisualStudioVersion = 17.5.33414.496
MinimumVisualStudioVersion = 10.0.40219.1
Project("{8BC9CEB8-8B4A-11D0-8D11-00A0C91BC942}") = "3066 超过阈值的最少操作数 II", "3066 超过阈值的最少操作数 II.vcxproj", "{7D7548C0-B8B1-4FF2-BBAC-A4B963867A42}"
EndProject
Global
	GlobalSection(SolutionConfigurationPlatforms) = preSolution
		Debug|x64 = Debug|x64
		Debug|x86 = Debug|x86
		Release|x64 = Release|x64
		Release|x86 = Release|x86
	EndGlobalSection
	GlobalSection(ProjectConfigurationPlatforms) = postSolution
		{7D7548C0-B8B1-4FF2-BBAC-A4B963867A42}.Debug|x64.ActiveCfg = Debug|x64
		{7D7548C0-B8B1-4FF2-BBAC-A4B963867A42}.Debug|x64.Build.0 = Debug|x64
		{7D7548C0-B8B1-4FF2-BBAC-A4B963867A42}.Debug|x86.ActiveCfg = Debug|Win32
		{7D7548C0-B8B1-4FF2-BBAC-A4B963867A42}.Debug|x86.Build.0 = Debug|Win32
		{7D7548C0-B8B1-4FF2-BBAC-A4B963867A42}.Release|x64.ActiveCfg = Release|x64
		{7D7548C0-B8B1-4FF2-BBAC-A4B963867A42}.Release|x64.Build.0 = Release|x64
		{7D7548C0-B8B1-4FF2-BBAC-A4B963867A42}.Release|x86.ActiveCfg = Release|Win32
		{7D7548C0-B8B1-4FF2-BBAC-A4B963867A42}.Release|x86.Build.0 = Release|Win32
	EndGlobalSection
	GlobalSection(SolutionProperties) = preSolution
		HideSolutionNode = FALSE
	EndGlobalSection
	GlobalSection(ExtensibilityGlobals) = postSolution
		SolutionGuid = {0D4BFA94-2878-4497-BE61-1C9E5BA3EDA6}
	EndGlobalSection
EndGlobal
