
Microsoft Visual Studio Solution File, Format Version 12.00
# Visual Studio Version 17
VisualStudioVersion = 17.5.33414.496
MinimumVisualStudioVersion = 10.0.40219.1
Project("{8BC9CEB8-8B4A-11D0-8D11-00A0C91BC942}") = "2915 和为目标值的最长子序列的长度", "2915 和为目标值的最长子序列的长度.vcxproj", "{666BA476-77BA-47A6-9F04-10EEA98D2E7F}"
EndProject
Global
	GlobalSection(SolutionConfigurationPlatforms) = preSolution
		Debug|x64 = Debug|x64
		Debug|x86 = Debug|x86
		Release|x64 = Release|x64
		Release|x86 = Release|x86
	EndGlobalSection
	GlobalSection(ProjectConfigurationPlatforms) = postSolution
		{666BA476-77BA-47A6-9F04-10EEA98D2E7F}.Debug|x64.ActiveCfg = Debug|x64
		{666BA476-77BA-47A6-9F04-10EEA98D2E7F}.Debug|x64.Build.0 = Debug|x64
		{666BA476-77BA-47A6-9F04-10EEA98D2E7F}.Debug|x86.ActiveCfg = Debug|Win32
		{666BA476-77BA-47A6-9F04-10EEA98D2E7F}.Debug|x86.Build.0 = Debug|Win32
		{666BA476-77BA-47A6-9F04-10EEA98D2E7F}.Release|x64.ActiveCfg = Release|x64
		{666BA476-77BA-47A6-9F04-10EEA98D2E7F}.Release|x64.Build.0 = Release|x64
		{666BA476-77BA-47A6-9F04-10EEA98D2E7F}.Release|x86.ActiveCfg = Release|Win32
		{666BA476-77BA-47A6-9F04-10EEA98D2E7F}.Release|x86.Build.0 = Release|Win32
	EndGlobalSection
	GlobalSection(SolutionProperties) = preSolution
		HideSolutionNode = FALSE
	EndGlobalSection
	GlobalSection(ExtensibilityGlobals) = postSolution
		SolutionGuid = {362ADA89-6DDA-4E84-B4B9-4FBC3938C15F}
	EndGlobalSection
EndGlobal
