
Microsoft Visual Studio Solution File, Format Version 12.00
# Visual Studio Version 17
VisualStudioVersion = 17.5.33414.496
MinimumVisualStudioVersion = 10.0.40219.1
Project("{8BC9CEB8-8B4A-11D0-8D11-00A0C91BC942}") = "2099 找到和最大的长度为 K 的子序列", "2099 找到和最大的长度为 K 的子序列.vcxproj", "{354A055A-7BB7-4ADC-A643-75FE9D7CA29D}"
EndProject
Global
	GlobalSection(SolutionConfigurationPlatforms) = preSolution
		Debug|x64 = Debug|x64
		Debug|x86 = Debug|x86
		Release|x64 = Release|x64
		Release|x86 = Release|x86
	EndGlobalSection
	GlobalSection(ProjectConfigurationPlatforms) = postSolution
		{354A055A-7BB7-4ADC-A643-75FE9D7CA29D}.Debug|x64.ActiveCfg = Debug|x64
		{354A055A-7BB7-4ADC-A643-75FE9D7CA29D}.Debug|x64.Build.0 = Debug|x64
		{354A055A-7BB7-4ADC-A643-75FE9D7CA29D}.Debug|x86.ActiveCfg = Debug|Win32
		{354A055A-7BB7-4ADC-A643-75FE9D7CA29D}.Debug|x86.Build.0 = Debug|Win32
		{354A055A-7BB7-4ADC-A643-75FE9D7CA29D}.Release|x64.ActiveCfg = Release|x64
		{354A055A-7BB7-4ADC-A643-75FE9D7CA29D}.Release|x64.Build.0 = Release|x64
		{354A055A-7BB7-4ADC-A643-75FE9D7CA29D}.Release|x86.ActiveCfg = Release|Win32
		{354A055A-7BB7-4ADC-A643-75FE9D7CA29D}.Release|x86.Build.0 = Release|Win32
	EndGlobalSection
	GlobalSection(SolutionProperties) = preSolution
		HideSolutionNode = FALSE
	EndGlobalSection
	GlobalSection(ExtensibilityGlobals) = postSolution
		SolutionGuid = {87EE768D-08C2-4F7C-9918-2EEA6A58821F}
	EndGlobalSection
EndGlobal
