
Microsoft Visual Studio Solution File, Format Version 12.00
# Visual Studio Version 17
VisualStudioVersion = 17.5.33414.496
MinimumVisualStudioVersion = 10.0.40219.1
Project("{8BC9CEB8-8B4A-11D0-8D11-00A0C91BC942}") = "柠檬水找零", "柠檬水找零.vcxproj", "{49412E54-E6B2-4A96-9CD4-2706E029DF11}"
EndProject
Global
	GlobalSection(SolutionConfigurationPlatforms) = preSolution
		Debug|x64 = Debug|x64
		Debug|x86 = Debug|x86
		Release|x64 = Release|x64
		Release|x86 = Release|x86
	EndGlobalSection
	GlobalSection(ProjectConfigurationPlatforms) = postSolution
		{49412E54-E6B2-4A96-9CD4-2706E029DF11}.Debug|x64.ActiveCfg = Debug|x64
		{49412E54-E6B2-4A96-9CD4-2706E029DF11}.Debug|x64.Build.0 = Debug|x64
		{49412E54-E6B2-4A96-9CD4-2706E029DF11}.Debug|x86.ActiveCfg = Debug|Win32
		{49412E54-E6B2-4A96-9CD4-2706E029DF11}.Debug|x86.Build.0 = Debug|Win32
		{49412E54-E6B2-4A96-9CD4-2706E029DF11}.Release|x64.ActiveCfg = Release|x64
		{49412E54-E6B2-4A96-9CD4-2706E029DF11}.Release|x64.Build.0 = Release|x64
		{49412E54-E6B2-4A96-9CD4-2706E029DF11}.Release|x86.ActiveCfg = Release|Win32
		{49412E54-E6B2-4A96-9CD4-2706E029DF11}.Release|x86.Build.0 = Release|Win32
	EndGlobalSection
	GlobalSection(SolutionProperties) = preSolution
		HideSolutionNode = FALSE
	EndGlobalSection
	GlobalSection(ExtensibilityGlobals) = postSolution
		SolutionGuid = {B1C9DB4C-8AED-4E14-AE79-9BE9C8B88580}
	EndGlobalSection
EndGlobal
