
Microsoft Visual Studio Solution File, Format Version 12.00
# Visual Studio Version 17
VisualStudioVersion = 17.5.33414.496
MinimumVisualStudioVersion = 10.0.40219.1
Project("{8BC9CEB8-8B4A-11D0-8D11-00A0C91BC942}") = "135 分发糖果", "135 分发糖果.vcxproj", "{199976F9-B279-4F36-9EF8-E338D75FD905}"
EndProject
Global
	GlobalSection(SolutionConfigurationPlatforms) = preSolution
		Debug|x64 = Debug|x64
		Debug|x86 = Debug|x86
		Release|x64 = Release|x64
		Release|x86 = Release|x86
	EndGlobalSection
	GlobalSection(ProjectConfigurationPlatforms) = postSolution
		{199976F9-B279-4F36-9EF8-E338D75FD905}.Debug|x64.ActiveCfg = Debug|x64
		{199976F9-B279-4F36-9EF8-E338D75FD905}.Debug|x64.Build.0 = Debug|x64
		{199976F9-B279-4F36-9EF8-E338D75FD905}.Debug|x86.ActiveCfg = Debug|Win32
		{199976F9-B279-4F36-9EF8-E338D75FD905}.Debug|x86.Build.0 = Debug|Win32
		{199976F9-B279-4F36-9EF8-E338D75FD905}.Release|x64.ActiveCfg = Release|x64
		{199976F9-B279-4F36-9EF8-E338D75FD905}.Release|x64.Build.0 = Release|x64
		{199976F9-B279-4F36-9EF8-E338D75FD905}.Release|x86.ActiveCfg = Release|Win32
		{199976F9-B279-4F36-9EF8-E338D75FD905}.Release|x86.Build.0 = Release|Win32
	EndGlobalSection
	GlobalSection(SolutionProperties) = preSolution
		HideSolutionNode = FALSE
	EndGlobalSection
	GlobalSection(ExtensibilityGlobals) = postSolution
		SolutionGuid = {6071F2CD-8078-4069-91A4-323B1A1D3A8A}
	EndGlobalSection
EndGlobal
