
Microsoft Visual Studio Solution File, Format Version 12.00
# Visual Studio Version 17
VisualStudioVersion = 17.5.33414.496
MinimumVisualStudioVersion = 10.0.40219.1
Project("{8BC9CEB8-8B4A-11D0-8D11-00A0C91BC942}") = "CodeForces - 507A", "CodeForces - 507A.vcxproj", "{FE1555EB-8CB1-474A-8017-3561F3E1C812}"
EndProject
Global
	GlobalSection(SolutionConfigurationPlatforms) = preSolution
		Debug|x64 = Debug|x64
		Debug|x86 = Debug|x86
		Release|x64 = Release|x64
		Release|x86 = Release|x86
	EndGlobalSection
	GlobalSection(ProjectConfigurationPlatforms) = postSolution
		{FE1555EB-8CB1-474A-8017-3561F3E1C812}.Debug|x64.ActiveCfg = Debug|x64
		{FE1555EB-8CB1-474A-8017-3561F3E1C812}.Debug|x64.Build.0 = Debug|x64
		{FE1555EB-8CB1-474A-8017-3561F3E1C812}.Debug|x86.ActiveCfg = Debug|Win32
		{FE1555EB-8CB1-474A-8017-3561F3E1C812}.Debug|x86.Build.0 = Debug|Win32
		{FE1555EB-8CB1-474A-8017-3561F3E1C812}.Release|x64.ActiveCfg = Release|x64
		{FE1555EB-8CB1-474A-8017-3561F3E1C812}.Release|x64.Build.0 = Release|x64
		{FE1555EB-8CB1-474A-8017-3561F3E1C812}.Release|x86.ActiveCfg = Release|Win32
		{FE1555EB-8CB1-474A-8017-3561F3E1C812}.Release|x86.Build.0 = Release|Win32
	EndGlobalSection
	GlobalSection(SolutionProperties) = preSolution
		HideSolutionNode = FALSE
	EndGlobalSection
	GlobalSection(ExtensibilityGlobals) = postSolution
		SolutionGuid = {6B880F90-0D18-48AF-951C-B8A240BE0FF1}
	EndGlobalSection
EndGlobal
