
Microsoft Visual Studio Solution File, Format Version 12.00
# Visual Studio Version 17
VisualStudioVersion = 17.5.33414.496
MinimumVisualStudioVersion = 10.0.40219.1
Project("{8BC9CEB8-8B4A-11D0-8D11-00A0C91BC942}") = "3083 字符串及其反转中是否存在同一子字符串", "3083 字符串及其反转中是否存在同一子字符串.vcxproj", "{4FA79D06-FBC9-46CD-86A5-7EE911B383BD}"
EndProject
Global
	GlobalSection(SolutionConfigurationPlatforms) = preSolution
		Debug|x64 = Debug|x64
		Debug|x86 = Debug|x86
		Release|x64 = Release|x64
		Release|x86 = Release|x86
	EndGlobalSection
	GlobalSection(ProjectConfigurationPlatforms) = postSolution
		{4FA79D06-FBC9-46CD-86A5-7EE911B383BD}.Debug|x64.ActiveCfg = Debug|x64
		{4FA79D06-FBC9-46CD-86A5-7EE911B383BD}.Debug|x64.Build.0 = Debug|x64
		{4FA79D06-FBC9-46CD-86A5-7EE911B383BD}.Debug|x86.ActiveCfg = Debug|Win32
		{4FA79D06-FBC9-46CD-86A5-7EE911B383BD}.Debug|x86.Build.0 = Debug|Win32
		{4FA79D06-FBC9-46CD-86A5-7EE911B383BD}.Release|x64.ActiveCfg = Release|x64
		{4FA79D06-FBC9-46CD-86A5-7EE911B383BD}.Release|x64.Build.0 = Release|x64
		{4FA79D06-FBC9-46CD-86A5-7EE911B383BD}.Release|x86.ActiveCfg = Release|Win32
		{4FA79D06-FBC9-46CD-86A5-7EE911B383BD}.Release|x86.Build.0 = Release|Win32
	EndGlobalSection
	GlobalSection(SolutionProperties) = preSolution
		HideSolutionNode = FALSE
	EndGlobalSection
	GlobalSection(ExtensibilityGlobals) = postSolution
		SolutionGuid = {9EEF5ECA-DE0C-4D9F-9D03-5E07B7C02390}
	EndGlobalSection
EndGlobal
