
Microsoft Visual Studio Solution File, Format Version 12.00
# Visual Studio Version 17
VisualStudioVersion = 17.5.33414.496
MinimumVisualStudioVersion = 10.0.40219.1
Project("{8BC9CEB8-8B4A-11D0-8D11-00A0C91BC942}") = "1674 使数组互补的最少操作次数", "1674 使数组互补的最少操作次数.vcxproj", "{4EEF9679-2479-4F1A-B47B-883829ED0ADF}"
EndProject
Global
	GlobalSection(SolutionConfigurationPlatforms) = preSolution
		Debug|x64 = Debug|x64
		Debug|x86 = Debug|x86
		Release|x64 = Release|x64
		Release|x86 = Release|x86
	EndGlobalSection
	GlobalSection(ProjectConfigurationPlatforms) = postSolution
		{4EEF9679-2479-4F1A-B47B-883829ED0ADF}.Debug|x64.ActiveCfg = Debug|x64
		{4EEF9679-2479-4F1A-B47B-883829ED0ADF}.Debug|x64.Build.0 = Debug|x64
		{4EEF9679-2479-4F1A-B47B-883829ED0ADF}.Debug|x86.ActiveCfg = Debug|Win32
		{4EEF9679-2479-4F1A-B47B-883829ED0ADF}.Debug|x86.Build.0 = Debug|Win32
		{4EEF9679-2479-4F1A-B47B-883829ED0ADF}.Release|x64.ActiveCfg = Release|x64
		{4EEF9679-2479-4F1A-B47B-883829ED0ADF}.Release|x64.Build.0 = Release|x64
		{4EEF9679-2479-4F1A-B47B-883829ED0ADF}.Release|x86.ActiveCfg = Release|Win32
		{4EEF9679-2479-4F1A-B47B-883829ED0ADF}.Release|x86.Build.0 = Release|Win32
	EndGlobalSection
	GlobalSection(SolutionProperties) = preSolution
		HideSolutionNode = FALSE
	EndGlobalSection
	GlobalSection(ExtensibilityGlobals) = postSolution
		SolutionGuid = {AD815F22-ABC3-4EF8-B05C-51B492CB9AF1}
	EndGlobalSection
EndGlobal
