
Microsoft Visual Studio Solution File, Format Version 12.00
# Visual Studio Version 17
VisualStudioVersion = 17.5.33414.496
MinimumVisualStudioVersion = 10.0.40219.1
Project("{8BC9CEB8-8B4A-11D0-8D11-00A0C91BC942}") = "CodeForces - 1841B", "CodeForces - 1841B.vcxproj", "{04A1A3AF-1B19-4653-9B1E-C49DC076A340}"
EndProject
Global
	GlobalSection(SolutionConfigurationPlatforms) = preSolution
		Debug|x64 = Debug|x64
		Debug|x86 = Debug|x86
		Release|x64 = Release|x64
		Release|x86 = Release|x86
	EndGlobalSection
	GlobalSection(ProjectConfigurationPlatforms) = postSolution
		{04A1A3AF-1B19-4653-9B1E-C49DC076A340}.Debug|x64.ActiveCfg = Debug|x64
		{04A1A3AF-1B19-4653-9B1E-C49DC076A340}.Debug|x64.Build.0 = Debug|x64
		{04A1A3AF-1B19-4653-9B1E-C49DC076A340}.Debug|x86.ActiveCfg = Debug|Win32
		{04A1A3AF-1B19-4653-9B1E-C49DC076A340}.Debug|x86.Build.0 = Debug|Win32
		{04A1A3AF-1B19-4653-9B1E-C49DC076A340}.Release|x64.ActiveCfg = Release|x64
		{04A1A3AF-1B19-4653-9B1E-C49DC076A340}.Release|x64.Build.0 = Release|x64
		{04A1A3AF-1B19-4653-9B1E-C49DC076A340}.Release|x86.ActiveCfg = Release|Win32
		{04A1A3AF-1B19-4653-9B1E-C49DC076A340}.Release|x86.Build.0 = Release|Win32
	EndGlobalSection
	GlobalSection(SolutionProperties) = preSolution
		HideSolutionNode = FALSE
	EndGlobalSection
	GlobalSection(ExtensibilityGlobals) = postSolution
		SolutionGuid = {463596B3-9682-4D61-BC23-2CA42DA51860}
	EndGlobalSection
EndGlobal
