
Microsoft Visual Studio Solution File, Format Version 12.00
# Visual Studio Version 17
VisualStudioVersion = 17.5.33414.496
MinimumVisualStudioVersion = 10.0.40219.1
Project("{8BC9CEB8-8B4A-11D0-8D11-00A0C91BC942}") = "3392 统计符合条件长度为 3 的子数组数目", "3392 统计符合条件长度为 3 的子数组数目.vcxproj", "{4836B175-6CDC-4290-BCBC-577331CFE8C1}"
EndProject
Global
	GlobalSection(SolutionConfigurationPlatforms) = preSolution
		Debug|x64 = Debug|x64
		Debug|x86 = Debug|x86
		Release|x64 = Release|x64
		Release|x86 = Release|x86
	EndGlobalSection
	GlobalSection(ProjectConfigurationPlatforms) = postSolution
		{4836B175-6CDC-4290-BCBC-577331CFE8C1}.Debug|x64.ActiveCfg = Debug|x64
		{4836B175-6CDC-4290-BCBC-577331CFE8C1}.Debug|x64.Build.0 = Debug|x64
		{4836B175-6CDC-4290-BCBC-577331CFE8C1}.Debug|x86.ActiveCfg = Debug|Win32
		{4836B175-6CDC-4290-BCBC-577331CFE8C1}.Debug|x86.Build.0 = Debug|Win32
		{4836B175-6CDC-4290-BCBC-577331CFE8C1}.Release|x64.ActiveCfg = Release|x64
		{4836B175-6CDC-4290-BCBC-577331CFE8C1}.Release|x64.Build.0 = Release|x64
		{4836B175-6CDC-4290-BCBC-577331CFE8C1}.Release|x86.ActiveCfg = Release|Win32
		{4836B175-6CDC-4290-BCBC-577331CFE8C1}.Release|x86.Build.0 = Release|Win32
	EndGlobalSection
	GlobalSection(SolutionProperties) = preSolution
		HideSolutionNode = FALSE
	EndGlobalSection
	GlobalSection(ExtensibilityGlobals) = postSolution
		SolutionGuid = {9CD02C14-8B07-4870-80E9-925645784087}
	EndGlobalSection
EndGlobal
