
Microsoft Visual Studio Solution File, Format Version 12.00
# Visual Studio Version 17
VisualStudioVersion = 17.5.33414.496
MinimumVisualStudioVersion = 10.0.40219.1
Project("{8BC9CEB8-8B4A-11D0-8D11-00A0C91BC942}") = "CodeForces - 500A", "CodeForces - 500A.vcxproj", "{1C3CD223-2223-486F-9046-EB4E5663D72D}"
EndProject
Global
	GlobalSection(SolutionConfigurationPlatforms) = preSolution
		Debug|x64 = Debug|x64
		Debug|x86 = Debug|x86
		Release|x64 = Release|x64
		Release|x86 = Release|x86
	EndGlobalSection
	GlobalSection(ProjectConfigurationPlatforms) = postSolution
		{1C3CD223-2223-486F-9046-EB4E5663D72D}.Debug|x64.ActiveCfg = Debug|x64
		{1C3CD223-2223-486F-9046-EB4E5663D72D}.Debug|x64.Build.0 = Debug|x64
		{1C3CD223-2223-486F-9046-EB4E5663D72D}.Debug|x86.ActiveCfg = Debug|Win32
		{1C3CD223-2223-486F-9046-EB4E5663D72D}.Debug|x86.Build.0 = Debug|Win32
		{1C3CD223-2223-486F-9046-EB4E5663D72D}.Release|x64.ActiveCfg = Release|x64
		{1C3CD223-2223-486F-9046-EB4E5663D72D}.Release|x64.Build.0 = Release|x64
		{1C3CD223-2223-486F-9046-EB4E5663D72D}.Release|x86.ActiveCfg = Release|Win32
		{1C3CD223-2223-486F-9046-EB4E5663D72D}.Release|x86.Build.0 = Release|Win32
	EndGlobalSection
	GlobalSection(SolutionProperties) = preSolution
		HideSolutionNode = FALSE
	EndGlobalSection
	GlobalSection(ExtensibilityGlobals) = postSolution
		SolutionGuid = {9362A480-A2F9-4179-8F73-4FA485451D8E}
	EndGlobalSection
EndGlobal
