
Microsoft Visual Studio Solution File, Format Version 12.00
# Visual Studio Version 17
VisualStudioVersion = 17.5.33414.496
MinimumVisualStudioVersion = 10.0.40219.1
Project("{8BC9CEB8-8B4A-11D0-8D11-00A0C91BC942}") = "3305 元音辅音字符串计数 I", "3305 元音辅音字符串计数 I.vcxproj", "{08B678E7-69C7-428A-A12A-63511D2EBE20}"
EndProject
Global
	GlobalSection(SolutionConfigurationPlatforms) = preSolution
		Debug|x64 = Debug|x64
		Debug|x86 = Debug|x86
		Release|x64 = Release|x64
		Release|x86 = Release|x86
	EndGlobalSection
	GlobalSection(ProjectConfigurationPlatforms) = postSolution
		{08B678E7-69C7-428A-A12A-63511D2EBE20}.Debug|x64.ActiveCfg = Debug|x64
		{08B678E7-69C7-428A-A12A-63511D2EBE20}.Debug|x64.Build.0 = Debug|x64
		{08B678E7-69C7-428A-A12A-63511D2EBE20}.Debug|x86.ActiveCfg = Debug|Win32
		{08B678E7-69C7-428A-A12A-63511D2EBE20}.Debug|x86.Build.0 = Debug|Win32
		{08B678E7-69C7-428A-A12A-63511D2EBE20}.Release|x64.ActiveCfg = Release|x64
		{08B678E7-69C7-428A-A12A-63511D2EBE20}.Release|x64.Build.0 = Release|x64
		{08B678E7-69C7-428A-A12A-63511D2EBE20}.Release|x86.ActiveCfg = Release|Win32
		{08B678E7-69C7-428A-A12A-63511D2EBE20}.Release|x86.Build.0 = Release|Win32
	EndGlobalSection
	GlobalSection(SolutionProperties) = preSolution
		HideSolutionNode = FALSE
	EndGlobalSection
	GlobalSection(ExtensibilityGlobals) = postSolution
		SolutionGuid = {BB38405F-8FAC-421A-957B-5E320DD12708}
	EndGlobalSection
EndGlobal
