
Microsoft Visual Studio Solution File, Format Version 12.00
# Visual Studio Version 17
VisualStudioVersion = 17.5.33414.496
MinimumVisualStudioVersion = 10.0.40219.1
Project("{8BC9CEB8-8B4A-11D0-8D11-00A0C91BC942}") = "2050 并行课程 III", "2050 并行课程 III.vcxproj", "{E09C0F8F-730C-4457-B8D1-C3205910B549}"
EndProject
Global
	GlobalSection(SolutionConfigurationPlatforms) = preSolution
		Debug|x64 = Debug|x64
		Debug|x86 = Debug|x86
		Release|x64 = Release|x64
		Release|x86 = Release|x86
	EndGlobalSection
	GlobalSection(ProjectConfigurationPlatforms) = postSolution
		{E09C0F8F-730C-4457-B8D1-C3205910B549}.Debug|x64.ActiveCfg = Debug|x64
		{E09C0F8F-730C-4457-B8D1-C3205910B549}.Debug|x64.Build.0 = Debug|x64
		{E09C0F8F-730C-4457-B8D1-C3205910B549}.Debug|x86.ActiveCfg = Debug|Win32
		{E09C0F8F-730C-4457-B8D1-C3205910B549}.Debug|x86.Build.0 = Debug|Win32
		{E09C0F8F-730C-4457-B8D1-C3205910B549}.Release|x64.ActiveCfg = Release|x64
		{E09C0F8F-730C-4457-B8D1-C3205910B549}.Release|x64.Build.0 = Release|x64
		{E09C0F8F-730C-4457-B8D1-C3205910B549}.Release|x86.ActiveCfg = Release|Win32
		{E09C0F8F-730C-4457-B8D1-C3205910B549}.Release|x86.Build.0 = Release|Win32
	EndGlobalSection
	GlobalSection(SolutionProperties) = preSolution
		HideSolutionNode = FALSE
	EndGlobalSection
	GlobalSection(ExtensibilityGlobals) = postSolution
		SolutionGuid = {6F1803D6-8D63-46D1-8DB3-71658A686961}
	EndGlobalSection
EndGlobal
